
Microsoft Visual Studio Solution File, Format Version 12.00
# Visual Studio Version 16
VisualStudioVersion = 16.0.32106.194
MinimumVisualStudioVersion = 10.0.40219.1
Project("{FAE04EC0-301F-11D3-BF4B-00C04F79EFBC}") = "SpotifyApp1", "SpotifyApp1\SpotifyApp1.csproj", "{D1798D90-B070-46DA-BFE3-367FAC7BDF86}"
EndProject
Global
	GlobalSection(SolutionConfigurationPlatforms) = preSolution
		Debug|Any CPU = Debug|Any CPU
		Release|Any CPU = Release|Any CPU
	EndGlobalSection
	GlobalSection(ProjectConfigurationPlatforms) = postSolution
		{D1798D90-B070-46DA-BFE3-367FAC7BDF86}.Debug|Any CPU.ActiveCfg = Debug|Any CPU
		{D1798D90-B070-46DA-BFE3-367FAC7BDF86}.Debug|Any CPU.Build.0 = Debug|Any CPU
		{D1798D90-B070-46DA-BFE3-367FAC7BDF86}.Release|Any CPU.ActiveCfg = Release|Any CPU
		{D1798D90-B070-46DA-BFE3-367FAC7BDF86}.Release|Any CPU.Build.0 = Release|Any CPU
	EndGlobalSection
	GlobalSection(SolutionProperties) = preSolution
		HideSolutionNode = FALSE
	EndGlobalSection
	GlobalSection(ExtensibilityGlobals) = postSolution
		SolutionGuid = {EE6F460B-3C6B-4C3C-9791-9E6EC094D5C2}
	EndGlobalSection
EndGlobal
